
Microsoft Visual Studio Solution File, Format Version 12.00
# Visual Studio Version 16
VisualStudioVersion = 16.0.30320.27
MinimumVisualStudioVersion = 10.0.40219.1
Project("{2150E333-8FDC-42A3-9474-1A3956D46DE8}") = "Solution Items", "Solution Items", "{3BFE2D74-D32A-4D2F-A2D0-F9FE1E76C0FE}"
	ProjectSection(SolutionItems) = preProject
		Directory.Build.props = Directory.Build.props
		GitHubReleaseNotes.txt = GitHubReleaseNotes.txt
		ReleaseNotes.md = ReleaseNotes.md
	EndProjectSection
EndProject
Project("{2150E333-8FDC-42A3-9474-1A3956D46DE8}") = "src", "src", "{16414FDC-6F4D-4C33-AEAA-DAAB85617E0A}"
EndProject
Project("{9A19103F-16F7-4668-BE54-9A1E7A4F7556}") = "Stef.Validation", "Stef.Validation\Stef.Validation.csproj", "{D3804228-91F4-4577-9595-39584E5A0100}"
EndProject
Global
	GlobalSection(SolutionConfigurationPlatforms) = preSolution
		Debug|Any CPU = Debug|Any CPU
		Release|Any CPU = Release|Any CPU
	EndGlobalSection
	GlobalSection(ProjectConfigurationPlatforms) = postSolution
		{D3804228-91F4-4577-9595-39584E5A0100}.Debug|Any CPU.ActiveCfg = Debug|Any CPU
		{D3804228-91F4-4577-9595-39584E5A0100}.Debug|Any CPU.Build.0 = Debug|Any CPU
		{D3804228-91F4-4577-9595-39584E5A0100}.Release|Any CPU.ActiveCfg = Release|Any CPU
		{D3804228-91F4-4577-9595-39584E5A0100}.Release|Any CPU.Build.0 = Release|Any CPU
	EndGlobalSection
	GlobalSection(SolutionProperties) = preSolution
		HideSolutionNode = FALSE
	EndGlobalSection
	GlobalSection(NestedProjects) = preSolution
		{D3804228-91F4-4577-9595-39584E5A0100} = {16414FDC-6F4D-4C33-AEAA-DAAB85617E0A}
	EndGlobalSection
	GlobalSection(ExtensibilityGlobals) = postSolution
		SolutionGuid = {BC5724FC-9F43-4C0A-8E72-CCA7A659049A}
	EndGlobalSection
EndGlobal
